
Microsoft Visual Studio Solution File, Format Version 12.00
# Visual Studio Version 16
VisualStudioVersion = 16.0.32901.82
MinimumVisualStudioVersion = 10.0.40219.1
Project("{FAE04EC0-301F-11D3-BF4B-00C04F79EFBC}") = "ClassInheritanceAndComposition", "ClassInheritanceAndComposition\ClassInheritanceAndComposition.csproj", "{58B5D8C5-8139-4E05-8501-A8739A9EE7BB}"
EndProject
Global
	GlobalSection(SolutionConfigurationPlatforms) = preSolution
		Debug|Any CPU = Debug|Any CPU
		Release|Any CPU = Release|Any CPU
	EndGlobalSection
	GlobalSection(ProjectConfigurationPlatforms) = postSolution
		{58B5D8C5-8139-4E05-8501-A8739A9EE7BB}.Debug|Any CPU.ActiveCfg = Debug|Any CPU
		{58B5D8C5-8139-4E05-8501-A8739A9EE7BB}.Debug|Any CPU.Build.0 = Debug|Any CPU
		{58B5D8C5-8139-4E05-8501-A8739A9EE7BB}.Release|Any CPU.ActiveCfg = Release|Any CPU
		{58B5D8C5-8139-4E05-8501-A8739A9EE7BB}.Release|Any CPU.Build.0 = Release|Any CPU
	EndGlobalSection
	GlobalSection(SolutionProperties) = preSolution
		HideSolutionNode = FALSE
	EndGlobalSection
	GlobalSection(ExtensibilityGlobals) = postSolution
		SolutionGuid = {A9706ED8-1758-4671-B88F-283C8ACA1F1D}
	EndGlobalSection
EndGlobal
